
Microsoft Visual Studio Solution File, Format Version 12.00
# Visual Studio 15
VisualStudioVersion = 15.0.28307.757
MinimumVisualStudioVersion = 10.0.40219.1
Project("{9A19103F-16F7-4668-BE54-9A1E7A4F7556}") = "SpaceStationRecruitment", "..\..\Users\Cekov\Desktop\02. Space Station Recruitment_Skeleton\SpaceStationRecruitment.csproj", "{89ECEE53-A4D5-4A6B-9E9B-6CD4F22C1F3B}"
EndProject
Project("{FAE04EC0-301F-11D3-BF4B-00C04F79EFBC}") = "P03SpaceStationEstablishment", "P03SpaceStationEstablishment\P03SpaceStationEstablishment.csproj", "{A48DBFCD-C42A-46C0-B624-5AF4C836C8FE}"
EndProject
Project("{FAE04EC0-301F-11D3-BF4B-00C04F79EFBC}") = "ConsoleApp1", "ConsoleApp1\ConsoleApp1.csproj", "{31F0B1CB-4ECF-4591-938B-6A7377E51389}"
EndProject
Global
	GlobalSection(SolutionConfigurationPlatforms) = preSolution
		Debug|Any CPU = Debug|Any CPU
		Release|Any CPU = Release|Any CPU
	EndGlobalSection
	GlobalSection(ProjectConfigurationPlatforms) = postSolution
		{89ECEE53-A4D5-4A6B-9E9B-6CD4F22C1F3B}.Debug|Any CPU.ActiveCfg = Debug|Any CPU
		{89ECEE53-A4D5-4A6B-9E9B-6CD4F22C1F3B}.Debug|Any CPU.Build.0 = Debug|Any CPU
		{89ECEE53-A4D5-4A6B-9E9B-6CD4F22C1F3B}.Release|Any CPU.ActiveCfg = Release|Any CPU
		{89ECEE53-A4D5-4A6B-9E9B-6CD4F22C1F3B}.Release|Any CPU.Build.0 = Release|Any CPU
		{A48DBFCD-C42A-46C0-B624-5AF4C836C8FE}.Debug|Any CPU.ActiveCfg = Debug|Any CPU
		{A48DBFCD-C42A-46C0-B624-5AF4C836C8FE}.Debug|Any CPU.Build.0 = Debug|Any CPU
		{A48DBFCD-C42A-46C0-B624-5AF4C836C8FE}.Release|Any CPU.ActiveCfg = Release|Any CPU
		{A48DBFCD-C42A-46C0-B624-5AF4C836C8FE}.Release|Any CPU.Build.0 = Release|Any CPU
		{31F0B1CB-4ECF-4591-938B-6A7377E51389}.Debug|Any CPU.ActiveCfg = Debug|Any CPU
		{31F0B1CB-4ECF-4591-938B-6A7377E51389}.Debug|Any CPU.Build.0 = Debug|Any CPU
		{31F0B1CB-4ECF-4591-938B-6A7377E51389}.Release|Any CPU.ActiveCfg = Release|Any CPU
		{31F0B1CB-4ECF-4591-938B-6A7377E51389}.Release|Any CPU.Build.0 = Release|Any CPU
	EndGlobalSection
	GlobalSection(SolutionProperties) = preSolution
		HideSolutionNode = FALSE
	EndGlobalSection
	GlobalSection(ExtensibilityGlobals) = postSolution
		SolutionGuid = {9C4047D5-F967-4E85-8894-2A61B16F28F0}
	EndGlobalSection
EndGlobal
