
Microsoft Visual Studio Solution File, Format Version 12.00
# Visual Studio 15
VisualStudioVersion = 15.0.28307.757
MinimumVisualStudioVersion = 10.0.40219.1
Project("{9A19103F-16F7-4668-BE54-9A1E7A4F7556}") = "P01ActionPoint", "P01ActionPoint\P01ActionPoint.csproj", "{D7E63042-8417-484C-A646-09923D935D38}"
EndProject
Project("{9A19103F-16F7-4668-BE54-9A1E7A4F7556}") = "P02KnightsOfHonor", "P02KnightsOfHonor\P02KnightsOfHonor.csproj", "{E1AD8A03-8E27-4D55-86A3-A71E2D219E2A}"
EndProject
Project("{9A19103F-16F7-4668-BE54-9A1E7A4F7556}") = "P03CustomMinFunction", "P03CustomMinFunction\P03CustomMinFunction.csproj", "{1514668E-572D-4277-A9EC-6259A4062CDD}"
EndProject
Project("{9A19103F-16F7-4668-BE54-9A1E7A4F7556}") = "P04FindEvenOrOdd", "P04FindEvenOrOdd\P04FindEvenOrOdd.csproj", "{C9C349B9-F66A-4745-A2CC-D6CFCB81C109}"
EndProject
Project("{9A19103F-16F7-4668-BE54-9A1E7A4F7556}") = "P05AppliedArithmetics", "P05AppliedArithmetics\P05AppliedArithmetics.csproj", "{750FA47F-0011-477F-B9DB-4B2EB94C80BD}"
EndProject
Project("{FAE04EC0-301F-11D3-BF4B-00C04F79EFBC}") = "P11PartyReservationFilterModule", "P11PartyReservationFilterModule\P11PartyReservationFilterModule.csproj", "{D0401334-B1F7-42C2-BB47-069B676AFD2B}"
EndProject
Project("{FAE04EC0-301F-11D3-BF4B-00C04F79EFBC}") = "P12Trifunction", "P12Trifunction\P12Trifunction.csproj", "{89CEEC88-A09A-4009-99AB-E0AF61B9C6B3}"
EndProject
Project("{FAE04EC0-301F-11D3-BF4B-00C04F79EFBC}") = "P06ReverseAndExclude", "P06ReverseAndExclude\P06ReverseAndExclude.csproj", "{53D6EEE6-477A-40FA-A81A-0F9C598A6E01}"
EndProject
Project("{FAE04EC0-301F-11D3-BF4B-00C04F79EFBC}") = "P07PredicateForNames", "P07PredicateForNames\P07PredicateForNames.csproj", "{12DB76DF-2196-4E50-A57B-34AE04E4534F}"
EndProject
Project("{FAE04EC0-301F-11D3-BF4B-00C04F79EFBC}") = "P08CustomComparator", "P08CustomComparator\P08CustomComparator.csproj", "{924C338E-EB55-469D-9B11-EA17C7947412}"
EndProject
Project("{FAE04EC0-301F-11D3-BF4B-00C04F79EFBC}") = "P09ListOfPredicates", "P09ListOfPredicates\P09ListOfPredicates.csproj", "{4C794204-4923-467A-900F-E75AC9136699}"
EndProject
Global
	GlobalSection(SolutionConfigurationPlatforms) = preSolution
		Debug|Any CPU = Debug|Any CPU
		Release|Any CPU = Release|Any CPU
	EndGlobalSection
	GlobalSection(ProjectConfigurationPlatforms) = postSolution
		{D7E63042-8417-484C-A646-09923D935D38}.Debug|Any CPU.ActiveCfg = Debug|Any CPU
		{D7E63042-8417-484C-A646-09923D935D38}.Debug|Any CPU.Build.0 = Debug|Any CPU
		{D7E63042-8417-484C-A646-09923D935D38}.Release|Any CPU.ActiveCfg = Release|Any CPU
		{D7E63042-8417-484C-A646-09923D935D38}.Release|Any CPU.Build.0 = Release|Any CPU
		{E1AD8A03-8E27-4D55-86A3-A71E2D219E2A}.Debug|Any CPU.ActiveCfg = Debug|Any CPU
		{E1AD8A03-8E27-4D55-86A3-A71E2D219E2A}.Debug|Any CPU.Build.0 = Debug|Any CPU
		{E1AD8A03-8E27-4D55-86A3-A71E2D219E2A}.Release|Any CPU.ActiveCfg = Release|Any CPU
		{E1AD8A03-8E27-4D55-86A3-A71E2D219E2A}.Release|Any CPU.Build.0 = Release|Any CPU
		{1514668E-572D-4277-A9EC-6259A4062CDD}.Debug|Any CPU.ActiveCfg = Debug|Any CPU
		{1514668E-572D-4277-A9EC-6259A4062CDD}.Debug|Any CPU.Build.0 = Debug|Any CPU
		{1514668E-572D-4277-A9EC-6259A4062CDD}.Release|Any CPU.ActiveCfg = Release|Any CPU
		{1514668E-572D-4277-A9EC-6259A4062CDD}.Release|Any CPU.Build.0 = Release|Any CPU
		{C9C349B9-F66A-4745-A2CC-D6CFCB81C109}.Debug|Any CPU.ActiveCfg = Debug|Any CPU
		{C9C349B9-F66A-4745-A2CC-D6CFCB81C109}.Debug|Any CPU.Build.0 = Debug|Any CPU
		{C9C349B9-F66A-4745-A2CC-D6CFCB81C109}.Release|Any CPU.ActiveCfg = Release|Any CPU
		{C9C349B9-F66A-4745-A2CC-D6CFCB81C109}.Release|Any CPU.Build.0 = Release|Any CPU
		{750FA47F-0011-477F-B9DB-4B2EB94C80BD}.Debug|Any CPU.ActiveCfg = Debug|Any CPU
		{750FA47F-0011-477F-B9DB-4B2EB94C80BD}.Debug|Any CPU.Build.0 = Debug|Any CPU
		{750FA47F-0011-477F-B9DB-4B2EB94C80BD}.Release|Any CPU.ActiveCfg = Release|Any CPU
		{750FA47F-0011-477F-B9DB-4B2EB94C80BD}.Release|Any CPU.Build.0 = Release|Any CPU
		{D0401334-B1F7-42C2-BB47-069B676AFD2B}.Debug|Any CPU.ActiveCfg = Debug|Any CPU
		{D0401334-B1F7-42C2-BB47-069B676AFD2B}.Debug|Any CPU.Build.0 = Debug|Any CPU
		{D0401334-B1F7-42C2-BB47-069B676AFD2B}.Release|Any CPU.ActiveCfg = Release|Any CPU
		{D0401334-B1F7-42C2-BB47-069B676AFD2B}.Release|Any CPU.Build.0 = Release|Any CPU
		{89CEEC88-A09A-4009-99AB-E0AF61B9C6B3}.Debug|Any CPU.ActiveCfg = Debug|Any CPU
		{89CEEC88-A09A-4009-99AB-E0AF61B9C6B3}.Debug|Any CPU.Build.0 = Debug|Any CPU
		{89CEEC88-A09A-4009-99AB-E0AF61B9C6B3}.Release|Any CPU.ActiveCfg = Release|Any CPU
		{89CEEC88-A09A-4009-99AB-E0AF61B9C6B3}.Release|Any CPU.Build.0 = Release|Any CPU
		{53D6EEE6-477A-40FA-A81A-0F9C598A6E01}.Debug|Any CPU.ActiveCfg = Debug|Any CPU
		{53D6EEE6-477A-40FA-A81A-0F9C598A6E01}.Debug|Any CPU.Build.0 = Debug|Any CPU
		{53D6EEE6-477A-40FA-A81A-0F9C598A6E01}.Release|Any CPU.ActiveCfg = Release|Any CPU
		{53D6EEE6-477A-40FA-A81A-0F9C598A6E01}.Release|Any CPU.Build.0 = Release|Any CPU
		{12DB76DF-2196-4E50-A57B-34AE04E4534F}.Debug|Any CPU.ActiveCfg = Debug|Any CPU
		{12DB76DF-2196-4E50-A57B-34AE04E4534F}.Debug|Any CPU.Build.0 = Debug|Any CPU
		{12DB76DF-2196-4E50-A57B-34AE04E4534F}.Release|Any CPU.ActiveCfg = Release|Any CPU
		{12DB76DF-2196-4E50-A57B-34AE04E4534F}.Release|Any CPU.Build.0 = Release|Any CPU
		{924C338E-EB55-469D-9B11-EA17C7947412}.Debug|Any CPU.ActiveCfg = Debug|Any CPU
		{924C338E-EB55-469D-9B11-EA17C7947412}.Debug|Any CPU.Build.0 = Debug|Any CPU
		{924C338E-EB55-469D-9B11-EA17C7947412}.Release|Any CPU.ActiveCfg = Release|Any CPU
		{924C338E-EB55-469D-9B11-EA17C7947412}.Release|Any CPU.Build.0 = Release|Any CPU
		{4C794204-4923-467A-900F-E75AC9136699}.Debug|Any CPU.ActiveCfg = Debug|Any CPU
		{4C794204-4923-467A-900F-E75AC9136699}.Debug|Any CPU.Build.0 = Debug|Any CPU
		{4C794204-4923-467A-900F-E75AC9136699}.Release|Any CPU.ActiveCfg = Release|Any CPU
		{4C794204-4923-467A-900F-E75AC9136699}.Release|Any CPU.Build.0 = Release|Any CPU
	EndGlobalSection
	GlobalSection(SolutionProperties) = preSolution
		HideSolutionNode = FALSE
	EndGlobalSection
	GlobalSection(ExtensibilityGlobals) = postSolution
		SolutionGuid = {CCB64935-1EB9-4584-8F3F-2CCFA36139A2}
	EndGlobalSection
EndGlobal
