
Microsoft Visual Studio Solution File, Format Version 12.00
# Visual Studio 15
VisualStudioVersion = 15.0.28307.757
MinimumVisualStudioVersion = 10.0.40219.1
Project("{FAE04EC0-301F-11D3-BF4B-00C04F79EFBC}") = "ConsoleApp1", "ConsoleApp1\ConsoleApp1.csproj", "{17AE7050-468B-49EB-9362-61B883C0D609}"
EndProject
Project("{FAE04EC0-301F-11D3-BF4B-00C04F79EFBC}") = "BoxOfT", "BoxOfT\BoxOfT.csproj", "{98C4CB71-37FB-4E23-8708-52B4B647649C}"
EndProject
Project("{FAE04EC0-301F-11D3-BF4B-00C04F79EFBC}") = "GenericArrayCreator", "GenericArrayCreator\GenericArrayCreator.csproj", "{909A02C3-C6E6-4814-9ABE-5D09D488EF27}"
EndProject
Project("{FAE04EC0-301F-11D3-BF4B-00C04F79EFBC}") = "GenericScale", "GenericScale\GenericScale.csproj", "{141D7819-EE9A-497A-A143-45E5DAC43596}"
EndProject
Global
	GlobalSection(SolutionConfigurationPlatforms) = preSolution
		Debug|Any CPU = Debug|Any CPU
		Release|Any CPU = Release|Any CPU
	EndGlobalSection
	GlobalSection(ProjectConfigurationPlatforms) = postSolution
		{17AE7050-468B-49EB-9362-61B883C0D609}.Debug|Any CPU.ActiveCfg = Debug|Any CPU
		{17AE7050-468B-49EB-9362-61B883C0D609}.Debug|Any CPU.Build.0 = Debug|Any CPU
		{17AE7050-468B-49EB-9362-61B883C0D609}.Release|Any CPU.ActiveCfg = Release|Any CPU
		{17AE7050-468B-49EB-9362-61B883C0D609}.Release|Any CPU.Build.0 = Release|Any CPU
		{98C4CB71-37FB-4E23-8708-52B4B647649C}.Debug|Any CPU.ActiveCfg = Debug|Any CPU
		{98C4CB71-37FB-4E23-8708-52B4B647649C}.Debug|Any CPU.Build.0 = Debug|Any CPU
		{98C4CB71-37FB-4E23-8708-52B4B647649C}.Release|Any CPU.ActiveCfg = Release|Any CPU
		{98C4CB71-37FB-4E23-8708-52B4B647649C}.Release|Any CPU.Build.0 = Release|Any CPU
		{909A02C3-C6E6-4814-9ABE-5D09D488EF27}.Debug|Any CPU.ActiveCfg = Debug|Any CPU
		{909A02C3-C6E6-4814-9ABE-5D09D488EF27}.Debug|Any CPU.Build.0 = Debug|Any CPU
		{909A02C3-C6E6-4814-9ABE-5D09D488EF27}.Release|Any CPU.ActiveCfg = Release|Any CPU
		{909A02C3-C6E6-4814-9ABE-5D09D488EF27}.Release|Any CPU.Build.0 = Release|Any CPU
		{141D7819-EE9A-497A-A143-45E5DAC43596}.Debug|Any CPU.ActiveCfg = Debug|Any CPU
		{141D7819-EE9A-497A-A143-45E5DAC43596}.Debug|Any CPU.Build.0 = Debug|Any CPU
		{141D7819-EE9A-497A-A143-45E5DAC43596}.Release|Any CPU.ActiveCfg = Release|Any CPU
		{141D7819-EE9A-497A-A143-45E5DAC43596}.Release|Any CPU.Build.0 = Release|Any CPU
	EndGlobalSection
	GlobalSection(SolutionProperties) = preSolution
		HideSolutionNode = FALSE
	EndGlobalSection
	GlobalSection(ExtensibilityGlobals) = postSolution
		SolutionGuid = {BB892562-2BB0-4D81-81CF-3E89F10920D2}
	EndGlobalSection
EndGlobal
