
Microsoft Visual Studio Solution File, Format Version 12.00
# Visual Studio 15
VisualStudioVersion = 15.0.28307.757
MinimumVisualStudioVersion = 10.0.40219.1
Project("{9A19103F-16F7-4668-BE54-9A1E7A4F7556}") = "IteratorsAndComarators", "IteratorsAndComarators\IteratorsAndComarators.csproj", "{8FD74AC9-D392-4D09-92C0-8E64B01520E3}"
EndProject
Project("{9A19103F-16F7-4668-BE54-9A1E7A4F7556}") = "P01ListyIterator", "P01ListyIterator\P01ListyIterator.csproj", "{F1C2B9FC-470C-420F-ACD0-8BB70BCC4D5B}"
EndProject
Project("{FAE04EC0-301F-11D3-BF4B-00C04F79EFBC}") = "P03Stack", "P03Stack\P03Stack.csproj", "{EB545CF6-841E-420F-82DF-28F3765E21CE}"
EndProject
Project("{FAE04EC0-301F-11D3-BF4B-00C04F79EFBC}") = "P04Froggy", "P04Froggy\P04Froggy.csproj", "{EC72F231-18FD-45A2-9A2D-F2ECE7F8E937}"
EndProject
Project("{FAE04EC0-301F-11D3-BF4B-00C04F79EFBC}") = "P05ComparingObjects", "P05ComparingObjects\P05ComparingObjects.csproj", "{D20A8D0A-35BC-4B40-A3EC-84DE090C9C3A}"
EndProject
Global
	GlobalSection(SolutionConfigurationPlatforms) = preSolution
		Debug|Any CPU = Debug|Any CPU
		Release|Any CPU = Release|Any CPU
	EndGlobalSection
	GlobalSection(ProjectConfigurationPlatforms) = postSolution
		{8FD74AC9-D392-4D09-92C0-8E64B01520E3}.Debug|Any CPU.ActiveCfg = Debug|Any CPU
		{8FD74AC9-D392-4D09-92C0-8E64B01520E3}.Debug|Any CPU.Build.0 = Debug|Any CPU
		{8FD74AC9-D392-4D09-92C0-8E64B01520E3}.Release|Any CPU.ActiveCfg = Release|Any CPU
		{8FD74AC9-D392-4D09-92C0-8E64B01520E3}.Release|Any CPU.Build.0 = Release|Any CPU
		{F1C2B9FC-470C-420F-ACD0-8BB70BCC4D5B}.Debug|Any CPU.ActiveCfg = Debug|Any CPU
		{F1C2B9FC-470C-420F-ACD0-8BB70BCC4D5B}.Debug|Any CPU.Build.0 = Debug|Any CPU
		{F1C2B9FC-470C-420F-ACD0-8BB70BCC4D5B}.Release|Any CPU.ActiveCfg = Release|Any CPU
		{F1C2B9FC-470C-420F-ACD0-8BB70BCC4D5B}.Release|Any CPU.Build.0 = Release|Any CPU
		{EB545CF6-841E-420F-82DF-28F3765E21CE}.Debug|Any CPU.ActiveCfg = Debug|Any CPU
		{EB545CF6-841E-420F-82DF-28F3765E21CE}.Debug|Any CPU.Build.0 = Debug|Any CPU
		{EB545CF6-841E-420F-82DF-28F3765E21CE}.Release|Any CPU.ActiveCfg = Release|Any CPU
		{EB545CF6-841E-420F-82DF-28F3765E21CE}.Release|Any CPU.Build.0 = Release|Any CPU
		{EC72F231-18FD-45A2-9A2D-F2ECE7F8E937}.Debug|Any CPU.ActiveCfg = Debug|Any CPU
		{EC72F231-18FD-45A2-9A2D-F2ECE7F8E937}.Debug|Any CPU.Build.0 = Debug|Any CPU
		{EC72F231-18FD-45A2-9A2D-F2ECE7F8E937}.Release|Any CPU.ActiveCfg = Release|Any CPU
		{EC72F231-18FD-45A2-9A2D-F2ECE7F8E937}.Release|Any CPU.Build.0 = Release|Any CPU
		{D20A8D0A-35BC-4B40-A3EC-84DE090C9C3A}.Debug|Any CPU.ActiveCfg = Debug|Any CPU
		{D20A8D0A-35BC-4B40-A3EC-84DE090C9C3A}.Debug|Any CPU.Build.0 = Debug|Any CPU
		{D20A8D0A-35BC-4B40-A3EC-84DE090C9C3A}.Release|Any CPU.ActiveCfg = Release|Any CPU
		{D20A8D0A-35BC-4B40-A3EC-84DE090C9C3A}.Release|Any CPU.Build.0 = Release|Any CPU
	EndGlobalSection
	GlobalSection(SolutionProperties) = preSolution
		HideSolutionNode = FALSE
	EndGlobalSection
	GlobalSection(ExtensibilityGlobals) = postSolution
		SolutionGuid = {90F4CF2A-A030-41F2-AC6F-0A276528C574}
	EndGlobalSection
EndGlobal
