
Microsoft Visual Studio Solution File, Format Version 12.00
# Visual Studio 15
VisualStudioVersion = 15.0.28307.757
MinimumVisualStudioVersion = 10.0.40219.1
Project("{FAE04EC0-301F-11D3-BF4B-00C04F79EFBC}") = "P01ClubParty", "P01ClubParty\P01ClubParty.csproj", "{A6B0E0D0-2CBB-427A-872D-836D2ED2BCB9}"
EndProject
Project("{FAE04EC0-301F-11D3-BF4B-00C04F79EFBC}") = "P02TronRacers", "P02TronRacers\P02TronRacers.csproj", "{BB504CD2-11CE-42BD-AF1B-74012DBA4EEB}"
EndProject
Project("{9A19103F-16F7-4668-BE54-9A1E7A4F7556}") = "Heroes", "..\..\..\Users\Cekov\Desktop\03. Heroes_Скелет\Heroes.csproj", "{140B4B6A-6469-4D00-882C-5E6B5AECDE99}"
EndProject
Global
	GlobalSection(SolutionConfigurationPlatforms) = preSolution
		Debug|Any CPU = Debug|Any CPU
		Release|Any CPU = Release|Any CPU
	EndGlobalSection
	GlobalSection(ProjectConfigurationPlatforms) = postSolution
		{A6B0E0D0-2CBB-427A-872D-836D2ED2BCB9}.Debug|Any CPU.ActiveCfg = Debug|Any CPU
		{A6B0E0D0-2CBB-427A-872D-836D2ED2BCB9}.Debug|Any CPU.Build.0 = Debug|Any CPU
		{A6B0E0D0-2CBB-427A-872D-836D2ED2BCB9}.Release|Any CPU.ActiveCfg = Release|Any CPU
		{A6B0E0D0-2CBB-427A-872D-836D2ED2BCB9}.Release|Any CPU.Build.0 = Release|Any CPU
		{BB504CD2-11CE-42BD-AF1B-74012DBA4EEB}.Debug|Any CPU.ActiveCfg = Debug|Any CPU
		{BB504CD2-11CE-42BD-AF1B-74012DBA4EEB}.Debug|Any CPU.Build.0 = Debug|Any CPU
		{BB504CD2-11CE-42BD-AF1B-74012DBA4EEB}.Release|Any CPU.ActiveCfg = Release|Any CPU
		{BB504CD2-11CE-42BD-AF1B-74012DBA4EEB}.Release|Any CPU.Build.0 = Release|Any CPU
		{140B4B6A-6469-4D00-882C-5E6B5AECDE99}.Debug|Any CPU.ActiveCfg = Debug|Any CPU
		{140B4B6A-6469-4D00-882C-5E6B5AECDE99}.Debug|Any CPU.Build.0 = Debug|Any CPU
		{140B4B6A-6469-4D00-882C-5E6B5AECDE99}.Release|Any CPU.ActiveCfg = Release|Any CPU
		{140B4B6A-6469-4D00-882C-5E6B5AECDE99}.Release|Any CPU.Build.0 = Release|Any CPU
	EndGlobalSection
	GlobalSection(SolutionProperties) = preSolution
		HideSolutionNode = FALSE
	EndGlobalSection
	GlobalSection(ExtensibilityGlobals) = postSolution
		SolutionGuid = {F4067F63-8B1A-410F-9E01-60F54819CA91}
	EndGlobalSection
EndGlobal
