
Microsoft Visual Studio Solution File, Format Version 12.00
# Visual Studio 15
VisualStudioVersion = 15.0.28307.757
MinimumVisualStudioVersion = 10.0.40219.1
Project("{9A19103F-16F7-4668-BE54-9A1E7A4F7556}") = "RetakeExam13Aug2019", "RetakeExam13Aug2019\RetakeExam13Aug2019.csproj", "{3EC915B4-70E5-4DBD-B0F6-E591C00B7E5F}"
EndProject
Project("{9A19103F-16F7-4668-BE54-9A1E7A4F7556}") = "P01SummerCoctails", "P01SummerCoctails\P01SummerCoctails.csproj", "{B3C61861-7231-4087-9911-2D993091EE91}"
EndProject
Project("{FAE04EC0-301F-11D3-BF4B-00C04F79EFBC}") = "P02SeashellTreasure", "P02SeashellTreasure\P02SeashellTreasure.csproj", "{3255D2BF-8074-4184-892F-D1FF1E0ABDC2}"
EndProject
Global
	GlobalSection(SolutionConfigurationPlatforms) = preSolution
		Debug|Any CPU = Debug|Any CPU
		Release|Any CPU = Release|Any CPU
	EndGlobalSection
	GlobalSection(ProjectConfigurationPlatforms) = postSolution
		{3EC915B4-70E5-4DBD-B0F6-E591C00B7E5F}.Debug|Any CPU.ActiveCfg = Debug|Any CPU
		{3EC915B4-70E5-4DBD-B0F6-E591C00B7E5F}.Debug|Any CPU.Build.0 = Debug|Any CPU
		{3EC915B4-70E5-4DBD-B0F6-E591C00B7E5F}.Release|Any CPU.ActiveCfg = Release|Any CPU
		{3EC915B4-70E5-4DBD-B0F6-E591C00B7E5F}.Release|Any CPU.Build.0 = Release|Any CPU
		{B3C61861-7231-4087-9911-2D993091EE91}.Debug|Any CPU.ActiveCfg = Debug|Any CPU
		{B3C61861-7231-4087-9911-2D993091EE91}.Debug|Any CPU.Build.0 = Debug|Any CPU
		{B3C61861-7231-4087-9911-2D993091EE91}.Release|Any CPU.ActiveCfg = Release|Any CPU
		{B3C61861-7231-4087-9911-2D993091EE91}.Release|Any CPU.Build.0 = Release|Any CPU
		{3255D2BF-8074-4184-892F-D1FF1E0ABDC2}.Debug|Any CPU.ActiveCfg = Debug|Any CPU
		{3255D2BF-8074-4184-892F-D1FF1E0ABDC2}.Debug|Any CPU.Build.0 = Debug|Any CPU
		{3255D2BF-8074-4184-892F-D1FF1E0ABDC2}.Release|Any CPU.ActiveCfg = Release|Any CPU
		{3255D2BF-8074-4184-892F-D1FF1E0ABDC2}.Release|Any CPU.Build.0 = Release|Any CPU
	EndGlobalSection
	GlobalSection(SolutionProperties) = preSolution
		HideSolutionNode = FALSE
	EndGlobalSection
	GlobalSection(ExtensibilityGlobals) = postSolution
		SolutionGuid = {2F05A611-8586-4CC2-97F1-60EAF1F7C240}
	EndGlobalSection
EndGlobal
