
Microsoft Visual Studio Solution File, Format Version 12.00
# Visual Studio 15
VisualStudioVersion = 15.0.28307.572
MinimumVisualStudioVersion = 10.0.40219.1
Project("{FAE04EC0-301F-11D3-BF4B-00C04F79EFBC}") = "AdvancedExam23June2019", "AdvancedExam23June2019\AdvancedExam23June2019.csproj", "{C16C2107-0C72-4AF2-9086-CD752442971A}"
EndProject
Global
	GlobalSection(SolutionConfigurationPlatforms) = preSolution
		Debug|Any CPU = Debug|Any CPU
		Release|Any CPU = Release|Any CPU
	EndGlobalSection
	GlobalSection(ProjectConfigurationPlatforms) = postSolution
		{C16C2107-0C72-4AF2-9086-CD752442971A}.Debug|Any CPU.ActiveCfg = Debug|Any CPU
		{C16C2107-0C72-4AF2-9086-CD752442971A}.Debug|Any CPU.Build.0 = Debug|Any CPU
		{C16C2107-0C72-4AF2-9086-CD752442971A}.Release|Any CPU.ActiveCfg = Release|Any CPU
		{C16C2107-0C72-4AF2-9086-CD752442971A}.Release|Any CPU.Build.0 = Release|Any CPU
	EndGlobalSection
	GlobalSection(SolutionProperties) = preSolution
		HideSolutionNode = FALSE
	EndGlobalSection
	GlobalSection(ExtensibilityGlobals) = postSolution
		SolutionGuid = {E62BB133-5FCE-44FC-B52A-A3B87EECD1A8}
	EndGlobalSection
EndGlobal
