
Microsoft Visual Studio Solution File, Format Version 12.00
# Visual Studio 15
VisualStudioVersion = 15.0.28307.757
MinimumVisualStudioVersion = 10.0.40219.1
Project("{FAE04EC0-301F-11D3-BF4B-00C04F79EFBC}") = "P01SortEvenNumbers", "P01SortEvenNumbers\P01SortEvenNumbers.csproj", "{91CE7A72-AE10-45F1-B6AC-B01A3D229E58}"
EndProject
Project("{FAE04EC0-301F-11D3-BF4B-00C04F79EFBC}") = "P02SumNumbers", "P02SetNumbers\P02SumNumbers.csproj", "{3AC8E4F8-03B4-4E89-8986-4BF478969E5C}"
EndProject
Project("{FAE04EC0-301F-11D3-BF4B-00C04F79EFBC}") = "P03CountUppercaseWords", "P03CountUppercaseWords\P03CountUppercaseWords.csproj", "{98631193-E3B8-416E-B978-FB14054A331C}"
EndProject
Project("{FAE04EC0-301F-11D3-BF4B-00C04F79EFBC}") = "P04AddVat", "P04AddVat\P04AddVat.csproj", "{6F59D922-695F-4F2D-B299-127E10AA8DE1}"
EndProject
Project("{FAE04EC0-301F-11D3-BF4B-00C04F79EFBC}") = "P05FilterByAge", "P05FilterByAge\P05FilterByAge.csproj", "{15C81926-6580-49C0-A27D-72FB81B2F92B}"
EndProject
Global
	GlobalSection(SolutionConfigurationPlatforms) = preSolution
		Debug|Any CPU = Debug|Any CPU
		Release|Any CPU = Release|Any CPU
	EndGlobalSection
	GlobalSection(ProjectConfigurationPlatforms) = postSolution
		{91CE7A72-AE10-45F1-B6AC-B01A3D229E58}.Debug|Any CPU.ActiveCfg = Debug|Any CPU
		{91CE7A72-AE10-45F1-B6AC-B01A3D229E58}.Debug|Any CPU.Build.0 = Debug|Any CPU
		{91CE7A72-AE10-45F1-B6AC-B01A3D229E58}.Release|Any CPU.ActiveCfg = Release|Any CPU
		{91CE7A72-AE10-45F1-B6AC-B01A3D229E58}.Release|Any CPU.Build.0 = Release|Any CPU
		{3AC8E4F8-03B4-4E89-8986-4BF478969E5C}.Debug|Any CPU.ActiveCfg = Debug|Any CPU
		{3AC8E4F8-03B4-4E89-8986-4BF478969E5C}.Debug|Any CPU.Build.0 = Debug|Any CPU
		{3AC8E4F8-03B4-4E89-8986-4BF478969E5C}.Release|Any CPU.ActiveCfg = Release|Any CPU
		{3AC8E4F8-03B4-4E89-8986-4BF478969E5C}.Release|Any CPU.Build.0 = Release|Any CPU
		{98631193-E3B8-416E-B978-FB14054A331C}.Debug|Any CPU.ActiveCfg = Debug|Any CPU
		{98631193-E3B8-416E-B978-FB14054A331C}.Debug|Any CPU.Build.0 = Debug|Any CPU
		{98631193-E3B8-416E-B978-FB14054A331C}.Release|Any CPU.ActiveCfg = Release|Any CPU
		{98631193-E3B8-416E-B978-FB14054A331C}.Release|Any CPU.Build.0 = Release|Any CPU
		{6F59D922-695F-4F2D-B299-127E10AA8DE1}.Debug|Any CPU.ActiveCfg = Debug|Any CPU
		{6F59D922-695F-4F2D-B299-127E10AA8DE1}.Debug|Any CPU.Build.0 = Debug|Any CPU
		{6F59D922-695F-4F2D-B299-127E10AA8DE1}.Release|Any CPU.ActiveCfg = Release|Any CPU
		{6F59D922-695F-4F2D-B299-127E10AA8DE1}.Release|Any CPU.Build.0 = Release|Any CPU
		{15C81926-6580-49C0-A27D-72FB81B2F92B}.Debug|Any CPU.ActiveCfg = Debug|Any CPU
		{15C81926-6580-49C0-A27D-72FB81B2F92B}.Debug|Any CPU.Build.0 = Debug|Any CPU
		{15C81926-6580-49C0-A27D-72FB81B2F92B}.Release|Any CPU.ActiveCfg = Release|Any CPU
		{15C81926-6580-49C0-A27D-72FB81B2F92B}.Release|Any CPU.Build.0 = Release|Any CPU
	EndGlobalSection
	GlobalSection(SolutionProperties) = preSolution
		HideSolutionNode = FALSE
	EndGlobalSection
	GlobalSection(ExtensibilityGlobals) = postSolution
		SolutionGuid = {77689684-BC04-4F33-AFF4-C08F6299AF54}
	EndGlobalSection
EndGlobal
